
Microsoft Visual Studio Solution File, Format Version 12.00
# Visual Studio Version 16
VisualStudioVersion = 16.0.30907.101
MinimumVisualStudioVersion = 10.0.40219.1
Project("{FAE04EC0-301F-11D3-BF4B-00C04F79EFBC}") = "Bird", "Bird\Bird.csproj", "{48FD6303-E7F2-4746-A411-C5F987D53A42}"
EndProject
Global
	GlobalSection(SolutionConfigurationPlatforms) = preSolution
		Debug|Any CPU = Debug|Any CPU
		Release|Any CPU = Release|Any CPU
	EndGlobalSection
	GlobalSection(ProjectConfigurationPlatforms) = postSolution
		{48FD6303-E7F2-4746-A411-C5F987D53A42}.Debug|Any CPU.ActiveCfg = Debug|Any CPU
		{48FD6303-E7F2-4746-A411-C5F987D53A42}.Debug|Any CPU.Build.0 = Debug|Any CPU
		{48FD6303-E7F2-4746-A411-C5F987D53A42}.Release|Any CPU.ActiveCfg = Release|Any CPU
		{48FD6303-E7F2-4746-A411-C5F987D53A42}.Release|Any CPU.Build.0 = Release|Any CPU
	EndGlobalSection
	GlobalSection(SolutionProperties) = preSolution
		HideSolutionNode = FALSE
	EndGlobalSection
	GlobalSection(ExtensibilityGlobals) = postSolution
		SolutionGuid = {807ADF26-471B-4834-841C-93181A4906DB}
	EndGlobalSection
EndGlobal
